
Microsoft Visual Studio Solution File, Format Version 12.00
# Visual Studio Version 17
VisualStudioVersion = 17.8.34511.84
MinimumVisualStudioVersion = 10.0.40219.1
Project("{FAE04EC0-301F-11D3-BF4B-00C04F79EFBC}") = "BugTracks", "BugTracks.csproj", "{234A31CD-9D2E-4673-B4C4-77BC9F0A4AC4}"
EndProject
Global
	GlobalSection(SolutionConfigurationPlatforms) = preSolution
		Debug|Any CPU = Debug|Any CPU
		Release|Any CPU = Release|Any CPU
	EndGlobalSection
	GlobalSection(ProjectConfigurationPlatforms) = postSolution
		{234A31CD-9D2E-4673-B4C4-77BC9F0A4AC4}.Debug|Any CPU.ActiveCfg = Debug|Any CPU
		{234A31CD-9D2E-4673-B4C4-77BC9F0A4AC4}.Debug|Any CPU.Build.0 = Debug|Any CPU
		{234A31CD-9D2E-4673-B4C4-77BC9F0A4AC4}.Release|Any CPU.ActiveCfg = Release|Any CPU
		{234A31CD-9D2E-4673-B4C4-77BC9F0A4AC4}.Release|Any CPU.Build.0 = Release|Any CPU
	EndGlobalSection
	GlobalSection(SolutionProperties) = preSolution
		HideSolutionNode = FALSE
	EndGlobalSection
	GlobalSection(ExtensibilityGlobals) = postSolution
		SolutionGuid = {C28385F5-124A-4D24-8D2D-3C81635D72B5}
	EndGlobalSection
EndGlobal
